
Microsoft Visual Studio Solution File, Format Version 12.00
# Visual Studio 14
VisualStudioVersion = 14.0.23107.0
MinimumVisualStudioVersion = 10.0.40219.1
Project("{FAE04EC0-301F-11D3-BF4B-00C04F79EFBC}") = "Borwell Challenge", "Borwell Challenge\Borwell Challenge.csproj", "{E65D731C-5794-4B4A-8470-0EA490E1D422}"
EndProject
Global
	GlobalSection(SolutionConfigurationPlatforms) = preSolution
		Debug|Any CPU = Debug|Any CPU
		Release|Any CPU = Release|Any CPU
	EndGlobalSection
	GlobalSection(ProjectConfigurationPlatforms) = postSolution
		{E65D731C-5794-4B4A-8470-0EA490E1D422}.Debug|Any CPU.ActiveCfg = Debug|Any CPU
		{E65D731C-5794-4B4A-8470-0EA490E1D422}.Debug|Any CPU.Build.0 = Debug|Any CPU
		{E65D731C-5794-4B4A-8470-0EA490E1D422}.Release|Any CPU.ActiveCfg = Release|Any CPU
		{E65D731C-5794-4B4A-8470-0EA490E1D422}.Release|Any CPU.Build.0 = Release|Any CPU
	EndGlobalSection
	GlobalSection(SolutionProperties) = preSolution
		HideSolutionNode = FALSE
	EndGlobalSection
EndGlobal
